
Microsoft Visual Studio Solution File, Format Version 12.00
# Visual Studio Version 16
VisualStudioVersion = 16.0.31702.278
MinimumVisualStudioVersion = 10.0.40219.1
Project("{FAE04EC0-301F-11D3-BF4B-00C04F79EFBC}") = "AaronMorris_C969-Task1", "AaronMorris_C969-Task1.csproj", "{3495B79A-6C28-4428-83F1-B039144D8AF7}"
EndProject
Global
	GlobalSection(SolutionConfigurationPlatforms) = preSolution
		Debug|Any CPU = Debug|Any CPU
		Release|Any CPU = Release|Any CPU
	EndGlobalSection
	GlobalSection(ProjectConfigurationPlatforms) = postSolution
		{3495B79A-6C28-4428-83F1-B039144D8AF7}.Debug|Any CPU.ActiveCfg = Debug|Any CPU
		{3495B79A-6C28-4428-83F1-B039144D8AF7}.Debug|Any CPU.Build.0 = Debug|Any CPU
		{3495B79A-6C28-4428-83F1-B039144D8AF7}.Release|Any CPU.ActiveCfg = Release|Any CPU
		{3495B79A-6C28-4428-83F1-B039144D8AF7}.Release|Any CPU.Build.0 = Release|Any CPU
	EndGlobalSection
	GlobalSection(SolutionProperties) = preSolution
		HideSolutionNode = FALSE
	EndGlobalSection
	GlobalSection(ExtensibilityGlobals) = postSolution
		SolutionGuid = {7C0794B4-F59D-4B92-92BD-865ABE5AF69C}
	EndGlobalSection
EndGlobal
